<?xml version="1.0" encoding="utf-8"?>
<Project ToolsVersion="4.0" xmlns="http://schemas.microsoft.com/developer/msbuild/2003">
  <ItemGroup>
    <Filter Include="Main">
      <UniqueIdentifier>{e8dccf15-3bdd-4854-8dd2-f0ba5d770abc}</UniqueIdentifier>
    </Filter>
    <Filter Include="Utils">
      <UniqueIdentifier>{37e6aaa6-0769-426b-aa67-d42e60cd791c}</UniqueIdentifier>
    </Filter>
    <Filter Include="Proto">
      <UniqueIdentifier>{d04805bd-bd63-44de-8a49-0c3d4ebce843}</UniqueIdentifier>
    </Filter>
    <Filter Include="ExternalFiles">
      <UniqueIdentifier>{83a74e26-12f4-441b-aaa0-705250b94c7b}</UniqueIdentifier>
    </Filter>
    <Filter Include="PacketHandler">
      <UniqueIdentifier>{8f34eef8-9df8-4296-8389-ab3d4c23dcb6}</UniqueIdentifier>
    </Filter>
    <Filter Include="DataBase">
      <UniqueIdentifier>{53af05bd-40dd-4429-b005-2e07e18f13f6}</UniqueIdentifier>
    </Filter>
  </ItemGroup>
  <ItemGroup>
    <ClCompile Include="GameServer.cpp">
      <Filter>Main</Filter>
    </ClCompile>
    <ClCompile Include="pch.cpp">
      <Filter>Utils</Filter>
    </ClCompile>
    <ClCompile Include="GameSession.cpp">
      <Filter>Main</Filter>
    </ClCompile>
    <ClCompile Include="GameSessionManager.cpp">
      <Filter>Main</Filter>
    </ClCompile>
    <ClCompile Include="Protocol.pb.cc">
      <Filter>Proto</Filter>
    </ClCompile>
    <ClCompile Include="JsonToConf.cpp">
      <Filter>Main</Filter>
    </ClCompile>
    <ClCompile Include="ClientPacketHandler.cpp">
      <Filter>PacketHandler</Filter>
    </ClCompile>
    <ClCompile Include="JsonPacketHandler.cpp">
      <Filter>PacketHandler</Filter>
    </ClCompile>
    <ClCompile Include="MakeTableQuery.cpp">
      <Filter>DataBase</Filter>
    </ClCompile>
    <ClCompile Include="JsonPacketHandler_test.cpp" />
  </ItemGroup>
  <ItemGroup>
    <ClInclude Include="pch.h">
      <Filter>Utils</Filter>
    </ClInclude>
    <ClInclude Include="GameSession.h">
      <Filter>Main</Filter>
    </ClInclude>
    <ClInclude Include="Protocol.pb.h">
      <Filter>Proto</Filter>
    </ClInclude>
    <ClInclude Include="JsonToConf.h">
      <Filter>Main</Filter>
    </ClInclude>
    <ClInclude Include="ClientPacketHandler.h">
      <Filter>PacketHandler</Filter>
    </ClInclude>
    <ClInclude Include="JsonPacketHandler.h">
      <Filter>PacketHandler</Filter>
    </ClInclude>
    <ClInclude Include="MakeTableQuery.h">
      <Filter>DataBase</Filter>
    </ClInclude>
    <ClInclude Include="JsonPacketHandler_test.h" />
  </ItemGroup>
  <ItemGroup>
    <None Include="..\protobufc\protobuf.bat">
      <Filter>Proto</Filter>
    </None>
    <None Include="..\protobufc\Protocol.proto">
      <Filter>Proto</Filter>
    </None>
    <None Include="packages.config" />
    <None Include="serverconfig.json">
      <Filter>ExternalFiles</Filter>
    </None>
    <None Include="DBschema.json">
      <Filter>ExternalFiles</Filter>
    </None>
    <None Include="Source.bat">
      <Filter>DataBase</Filter>
    </None>
  </ItemGroup>
  <ItemGroup>
    <Xml Include="ShipDB.xml">
      <Filter>ExternalFiles</Filter>
    </Xml>
  </ItemGroup>
</Project>