<?xml version="1.0" encoding="utf-8"?>
<Project ToolsVersion="4.0" xmlns="http://schemas.microsoft.com/developer/msbuild/2003">
  <ItemGroup>
    <Filter Include="Main">
      <UniqueIdentifier>{e8dccf15-3bdd-4854-8dd2-f0ba5d770abc}</UniqueIdentifier>
    </Filter>
    <Filter Include="Utils">
      <UniqueIdentifier>{37e6aaa6-0769-426b-aa67-d42e60cd791c}</UniqueIdentifier>
    </Filter>
    <Filter Include="Proto">
      <UniqueIdentifier>{d04805bd-bd63-44de-8a49-0c3d4ebce843}</UniqueIdentifier>
    </Filter>
    <Filter Include="ExternalFiles">
      <UniqueIdentifier>{83a74e26-12f4-441b-aaa0-705250b94c7b}</UniqueIdentifier>
    </Filter>
    <Filter Include="PacketHandler">
      <UniqueIdentifier>{8f34eef8-9df8-4296-8389-ab3d4c23dcb6}</UniqueIdentifier>
    </Filter>
    <Filter Include="DataBase">
      <UniqueIdentifier>{53af05bd-40dd-4429-b005-2e07e18f13f6}</UniqueIdentifier>
    </Filter>
    <Filter Include="MessageSubject">
      <UniqueIdentifier>{ee48e27a-5a84-4e32-875c-e2f5549dc1b7}</UniqueIdentifier>
    </Filter>
  </ItemGroup>
  <ItemGroup>
    <ClCompile Include="DTServer.cpp">
      <Filter>Main</Filter>
    </ClCompile>
    <ClCompile Include="pch.cpp">
      <Filter>Utils</Filter>
    </ClCompile>
    <ClCompile Include="DataSession.cpp">
      <Filter>Main</Filter>
    </ClCompile>
    <ClCompile Include="DataSessionManager.cpp">
      <Filter>Main</Filter>
    </ClCompile>
    <ClCompile Include="JsonToConf.cpp">
      <Filter>Main</Filter>
    </ClCompile>
    <ClCompile Include="MakeTableQuery.cpp">
      <Filter>DataBase</Filter>
    </ClCompile>
    <ClCompile Include="EDT0001_PacketHandler.cpp">
      <Filter>PacketHandler</Filter>
    </ClCompile>
    <ClCompile Include="ClientPacketHandler.cpp">
      <Filter>PacketHandler</Filter>
    </ClCompile>
    <ClCompile Include="EDT0001.pb.cc">
      <Filter>Proto</Filter>
    </ClCompile>
    <ClCompile Include="enum.pb.cc">
      <Filter>Proto</Filter>
    </ClCompile>
    <ClCompile Include="MRSchema.pb.cc">
      <Filter>Proto</Filter>
    </ClCompile>
    <ClCompile Include="MessageSubject.cpp">
      <Filter>MessageSubject</Filter>
    </ClCompile>
    <ClCompile Include="MessageSubjectManager.cpp">
      <Filter>MessageSubject</Filter>
    </ClCompile>
  </ItemGroup>
  <ItemGroup>
    <ClInclude Include="pch.h">
      <Filter>Utils</Filter>
    </ClInclude>
    <ClInclude Include="DataSession.h">
      <Filter>Main</Filter>
    </ClInclude>
    <ClInclude Include="JsonToConf.h">
      <Filter>Main</Filter>
    </ClInclude>
    <ClInclude Include="MakeTableQuery.h">
      <Filter>DataBase</Filter>
    </ClInclude>
    <ClInclude Include="EDT0001_PacketHandler.h">
      <Filter>PacketHandler</Filter>
    </ClInclude>
    <ClInclude Include="ClientPacketHandler.h">
      <Filter>PacketHandler</Filter>
    </ClInclude>
    <ClInclude Include="Tools.h">
      <Filter>PacketHandler</Filter>
    </ClInclude>
    <ClInclude Include="EDT0001.pb.h">
      <Filter>Proto</Filter>
    </ClInclude>
    <ClInclude Include="enum.pb.h">
      <Filter>Proto</Filter>
    </ClInclude>
    <ClInclude Include="MRSchema.pb.h">
      <Filter>Proto</Filter>
    </ClInclude>
    <ClInclude Include="MessageSubject.h">
      <Filter>MessageSubject</Filter>
    </ClInclude>
    <ClInclude Include="DataSessionManager.h">
      <Filter>Main</Filter>
    </ClInclude>
    <ClInclude Include="MessageSubjectManager.h">
      <Filter>MessageSubject</Filter>
    </ClInclude>
  </ItemGroup>
  <ItemGroup>
    <None Include="packages.config" />
    <None Include="DbSchema.json">
      <Filter>ExternalFiles</Filter>
    </None>
    <None Include="..\Tools\Protobuf\EDT0001.proto">
      <Filter>Proto</Filter>
    </None>
    <None Include="..\Tools\Protobuf\Protocol.proto">
      <Filter>Proto</Filter>
    </None>
    <None Include="ServerConfig.json">
      <Filter>Main</Filter>
    </None>
    <None Include="..\Tools\Protobuf\protobuf.bat">
      <Filter>Proto</Filter>
    </None>
    <None Include="MRSchema.json">
      <Filter>ExternalFiles</Filter>
    </None>
    <None Include="..\Tools\Protobuf\enum.proto">
      <Filter>Proto</Filter>
    </None>
    <None Include="..\Tools\Protobuf\MRSchema.proto">
      <Filter>Proto</Filter>
    </None>
    <None Include="ClassDiag1m.cd" />
  </ItemGroup>
</Project>